// !$*UTF8*$!
{
	archiveVersion = 1;
	classes = {
	};
	objectVersion = 48;
	objects = {

/* Begin PBXBuildFile section */
		AC1EE320209C3B820034C1CA /* RSConnection.swift in Sources */ = {isa = PBXBuildFile; fileRef = AC1EE31F209C3B820034C1CA /* RSConnection.swift */; };
		AC642226209B2CD9003A95DC /* RestaurantMenuItemsViewController.swift in Sources */ = {isa = PBXBuildFile; fileRef = AC642225209B2CD9003A95DC /* RestaurantMenuItemsViewController.swift */; };
		AC642228209B2E72003A95DC /* RestaurantMenuItemTableViewCell.swift in Sources */ = {isa = PBXBuildFile; fileRef = AC642227209B2E72003A95DC /* RestaurantMenuItemTableViewCell.swift */; };
		AC64222A209B2F2D003A95DC /* RestaurantMenuItemsViewModel.swift in Sources */ = {isa = PBXBuildFile; fileRef = AC642229209B2F2D003A95DC /* RestaurantMenuItemsViewModel.swift */; };
		AC64222C209B2FAB003A95DC /* RestaurantMenuItem.swift in Sources */ = {isa = PBXBuildFile; fileRef = AC64222B209B2FAB003A95DC /* RestaurantMenuItem.swift */; };
		C83458EA209AEC46009F841D /* AppDelegate.swift in Sources */ = {isa = PBXBuildFile; fileRef = C83458E9209AEC46009F841D /* AppDelegate.swift */; };
		C83458EC209AEC46009F841D /* RestaurantListViewController.swift in Sources */ = {isa = PBXBuildFile; fileRef = C83458EB209AEC46009F841D /* RestaurantListViewController.swift */; };
		C83458EF209AEC46009F841D /* Main.storyboard in Resources */ = {isa = PBXBuildFile; fileRef = C83458ED209AEC46009F841D /* Main.storyboard */; };
		C83458F1209AEC47009F841D /* Assets.xcassets in Resources */ = {isa = PBXBuildFile; fileRef = C83458F0209AEC47009F841D /* Assets.xcassets */; };
		C83458F4209AEC47009F841D /* LaunchScreen.storyboard in Resources */ = {isa = PBXBuildFile; fileRef = C83458F2209AEC47009F841D /* LaunchScreen.storyboard */; };
		C8610BFE209AF03800FC506C /* Restaurant.swift in Sources */ = {isa = PBXBuildFile; fileRef = C8610BFD209AF03800FC506C /* Restaurant.swift */; };
		C8610C00209AF0A000FC506C /* RestaurantListViewModel.swift in Sources */ = {isa = PBXBuildFile; fileRef = C8610BFF209AF0A000FC506C /* RestaurantListViewModel.swift */; };
		C8610C04209AF2E500FC506C /* RestaurantViewCell.swift in Sources */ = {isa = PBXBuildFile; fileRef = C8610C02209AF2E500FC506C /* RestaurantViewCell.swift */; };
		C8610C05209AF2E500FC506C /* RestaurantViewCell.xib in Resources */ = {isa = PBXBuildFile; fileRef = C8610C03209AF2E500FC506C /* RestaurantViewCell.xib */; };
		C8610C09209AF8D300FC506C /* Localizable.strings in Resources */ = {isa = PBXBuildFile; fileRef = C8610C07209AF8D300FC506C /* Localizable.strings */; };
		E6AAB038209C3F1A000CE28E /* Data+Json.swift in Sources */ = {isa = PBXBuildFile; fileRef = E6AAB037209C3F1A000CE28E /* Data+Json.swift */; };
		E6C24EDA209C3C31003AA1AB /* RestaurantCommunicator.swift in Sources */ = {isa = PBXBuildFile; fileRef = E6C24ED9209C3C31003AA1AB /* RestaurantCommunicator.swift */; };
/* End PBXBuildFile section */

/* Begin PBXFileReference section */
		AC1EE31F209C3B820034C1CA /* RSConnection.swift */ = {isa = PBXFileReference; fileEncoding = 4; lastKnownFileType = sourcecode.swift; path = RSConnection.swift; sourceTree = "<group>"; };
		AC642225209B2CD9003A95DC /* RestaurantMenuItemsViewController.swift */ = {isa = PBXFileReference; lastKnownFileType = sourcecode.swift; path = RestaurantMenuItemsViewController.swift; sourceTree = "<group>"; };
		AC642227209B2E72003A95DC /* RestaurantMenuItemTableViewCell.swift */ = {isa = PBXFileReference; lastKnownFileType = sourcecode.swift; path = RestaurantMenuItemTableViewCell.swift; sourceTree = "<group>"; };
		AC642229209B2F2D003A95DC /* RestaurantMenuItemsViewModel.swift */ = {isa = PBXFileReference; lastKnownFileType = sourcecode.swift; path = RestaurantMenuItemsViewModel.swift; sourceTree = "<group>"; };
		AC64222B209B2FAB003A95DC /* RestaurantMenuItem.swift */ = {isa = PBXFileReference; lastKnownFileType = sourcecode.swift; path = RestaurantMenuItem.swift; sourceTree = "<group>"; };
		C83458E6209AEC46009F841D /* Twiggy.app */ = {isa = PBXFileReference; explicitFileType = wrapper.application; includeInIndex = 0; path = Twiggy.app; sourceTree = BUILT_PRODUCTS_DIR; };
		C83458E9209AEC46009F841D /* AppDelegate.swift */ = {isa = PBXFileReference; lastKnownFileType = sourcecode.swift; path = AppDelegate.swift; sourceTree = "<group>"; };
		C83458EB209AEC46009F841D /* RestaurantListViewController.swift */ = {isa = PBXFileReference; lastKnownFileType = sourcecode.swift; path = RestaurantListViewController.swift; sourceTree = "<group>"; };
		C83458EE209AEC46009F841D /* Base */ = {isa = PBXFileReference; lastKnownFileType = file.storyboard; name = Base; path = Base.lproj/Main.storyboard; sourceTree = "<group>"; };
		C83458F0209AEC47009F841D /* Assets.xcassets */ = {isa = PBXFileReference; lastKnownFileType = folder.assetcatalog; path = Assets.xcassets; sourceTree = "<group>"; };
		C83458F3209AEC47009F841D /* Base */ = {isa = PBXFileReference; lastKnownFileType = file.storyboard; name = Base; path = Base.lproj/LaunchScreen.storyboard; sourceTree = "<group>"; };
		C83458F5209AEC47009F841D /* Info.plist */ = {isa = PBXFileReference; lastKnownFileType = text.plist.xml; path = Info.plist; sourceTree = "<group>"; };
		C8610BFD209AF03800FC506C /* Restaurant.swift */ = {isa = PBXFileReference; lastKnownFileType = sourcecode.swift; path = Restaurant.swift; sourceTree = "<group>"; };
		C8610BFF209AF0A000FC506C /* RestaurantListViewModel.swift */ = {isa = PBXFileReference; lastKnownFileType = sourcecode.swift; path = RestaurantListViewModel.swift; sourceTree = "<group>"; };
		C8610C02209AF2E500FC506C /* RestaurantViewCell.swift */ = {isa = PBXFileReference; lastKnownFileType = sourcecode.swift; path = RestaurantViewCell.swift; sourceTree = "<group>"; };
		C8610C03209AF2E500FC506C /* RestaurantViewCell.xib */ = {isa = PBXFileReference; lastKnownFileType = file.xib; path = RestaurantViewCell.xib; sourceTree = "<group>"; };
		C8610C08209AF8D300FC506C /* Base */ = {isa = PBXFileReference; lastKnownFileType = text.plist.strings; name = Base; path = Base.lproj/Localizable.strings; sourceTree = "<group>"; };
		E6AAB037209C3F1A000CE28E /* Data+Json.swift */ = {isa = PBXFileReference; lastKnownFileType = sourcecode.swift; path = "Data+Json.swift"; sourceTree = "<group>"; };
		E6C24ED9209C3C31003AA1AB /* RestaurantCommunicator.swift */ = {isa = PBXFileReference; lastKnownFileType = sourcecode.swift; path = RestaurantCommunicator.swift; sourceTree = "<group>"; };
/* End PBXFileReference section */

/* Begin PBXFrameworksBuildPhase section */
		C83458E3209AEC46009F841D /* Frameworks */ = {
			isa = PBXFrameworksBuildPhase;
			buildActionMask = 2147483647;
			files = (
			);
			runOnlyForDeploymentPostprocessing = 0;
		};
/* End PBXFrameworksBuildPhase section */

/* Begin PBXGroup section */
		AC1EE31E209C3B6E0034C1CA /* connection */ = {
			isa = PBXGroup;
			children = (
				AC1EE31F209C3B820034C1CA /* RSConnection.swift */,
			);
			path = connection;
			sourceTree = "<group>";
		};
		AC642224209B2CB3003A95DC /* RestaurantMenu */ = {
			isa = PBXGroup;
			children = (
				AC642225209B2CD9003A95DC /* RestaurantMenuItemsViewController.swift */,
				AC642227209B2E72003A95DC /* RestaurantMenuItemTableViewCell.swift */,
				AC642229209B2F2D003A95DC /* RestaurantMenuItemsViewModel.swift */,
			);
			path = RestaurantMenu;
			sourceTree = "<group>";
		};
		C83458DD209AEC46009F841D = {
			isa = PBXGroup;
			children = (
				C83458E8209AEC46009F841D /* Twiggy */,
				C83458E7209AEC46009F841D /* Products */,
			);
			sourceTree = "<group>";
		};
		C83458E7209AEC46009F841D /* Products */ = {
			isa = PBXGroup;
			children = (
				C83458E6209AEC46009F841D /* Twiggy.app */,
			);
			name = Products;
			sourceTree = "<group>";
		};
		C83458E8209AEC46009F841D /* Twiggy */ = {
			isa = PBXGroup;
			children = (
				E6AAB036209C3F07000CE28E /* Utilities */,
				AC1EE31E209C3B6E0034C1CA /* connection */,
				C8610C01209AF2B800FC506C /* RestaurantCell */,
				C8610BFC209AF02200FC506C /* Model */,
				C83458FB209AEDBA009F841D /* Restaurant */,
				AC642224209B2CB3003A95DC /* RestaurantMenu */,
				C83458E9209AEC46009F841D /* AppDelegate.swift */,
				C83458ED209AEC46009F841D /* Main.storyboard */,
				C83458F0209AEC47009F841D /* Assets.xcassets */,
				C83458F2209AEC47009F841D /* LaunchScreen.storyboard */,
				C83458F5209AEC47009F841D /* Info.plist */,
				C8610C07209AF8D300FC506C /* Localizable.strings */,
			);
			path = Twiggy;
			sourceTree = "<group>";
		};
		C83458FB209AEDBA009F841D /* Restaurant */ = {
			isa = PBXGroup;
			children = (
				C83458EB209AEC46009F841D /* RestaurantListViewController.swift */,
				C8610BFF209AF0A000FC506C /* RestaurantListViewModel.swift */,
				E6C24ED9209C3C31003AA1AB /* RestaurantCommunicator.swift */,
			);
			path = Restaurant;
			sourceTree = "<group>";
		};
		C8610BFC209AF02200FC506C /* Model */ = {
			isa = PBXGroup;
			children = (
				C8610BFD209AF03800FC506C /* Restaurant.swift */,
				AC64222B209B2FAB003A95DC /* RestaurantMenuItem.swift */,
			);
			path = Model;
			sourceTree = "<group>";
		};
		C8610C01209AF2B800FC506C /* RestaurantCell */ = {
			isa = PBXGroup;
			children = (
				C8610C02209AF2E500FC506C /* RestaurantViewCell.swift */,
				C8610C03209AF2E500FC506C /* RestaurantViewCell.xib */,
			);
			path = RestaurantCell;
			sourceTree = "<group>";
		};
		E6AAB036209C3F07000CE28E /* Utilities */ = {
			isa = PBXGroup;
			children = (
				E6AAB037209C3F1A000CE28E /* Data+Json.swift */,
			);
			path = Utilities;
			sourceTree = "<group>";
		};
/* End PBXGroup section */

/* Begin PBXNativeTarget section */
		C83458E5209AEC46009F841D /* Twiggy */ = {
			isa = PBXNativeTarget;
			buildConfigurationList = C83458F8209AEC47009F841D /* Build configuration list for PBXNativeTarget "Twiggy" */;
			buildPhases = (
				C83458E2209AEC46009F841D /* Sources */,
				C83458E3209AEC46009F841D /* Frameworks */,
				C83458E4209AEC46009F841D /* Resources */,
			);
			buildRules = (
			);
			dependencies = (
			);
			name = Twiggy;
			productName = Twiggy;
			productReference = C83458E6209AEC46009F841D /* Twiggy.app */;
			productType = "com.apple.product-type.application";
		};
/* End PBXNativeTarget section */

/* Begin PBXProject section */
		C83458DE209AEC46009F841D /* Project object */ = {
			isa = PBXProject;
			attributes = {
				LastSwiftUpdateCheck = 0930;
				LastUpgradeCheck = 0930;
				ORGANIZATIONNAME = "Sushant Kumar";
				TargetAttributes = {
					C83458E5209AEC46009F841D = {
						CreatedOnToolsVersion = 9.3;
						ProvisioningStyle = Automatic;
					};
				};
			};
			buildConfigurationList = C83458E1209AEC46009F841D /* Build configuration list for PBXProject "Twiggy" */;
			compatibilityVersion = "Xcode 8.0";
			developmentRegion = en;
			hasScannedForEncodings = 0;
			knownRegions = (
				en,
				Base,
			);
			mainGroup = C83458DD209AEC46009F841D;
			productRefGroup = C83458E7209AEC46009F841D /* Products */;
			projectDirPath = "";
			projectRoot = "";
			targets = (
				C83458E5209AEC46009F841D /* Twiggy */,
			);
		};
/* End PBXProject section */

/* Begin PBXResourcesBuildPhase section */
		C83458E4209AEC46009F841D /* Resources */ = {
			isa = PBXResourcesBuildPhase;
			buildActionMask = 2147483647;
			files = (
				C8610C09209AF8D300FC506C /* Localizable.strings in Resources */,
				C83458F4209AEC47009F841D /* LaunchScreen.storyboard in Resources */,
				C83458F1209AEC47009F841D /* Assets.xcassets in Resources */,
				C83458EF209AEC46009F841D /* Main.storyboard in Resources */,
				C8610C05209AF2E500FC506C /* RestaurantViewCell.xib in Resources */,
			);
			runOnlyForDeploymentPostprocessing = 0;
		};
/* End PBXResourcesBuildPhase section */

/* Begin PBXSourcesBuildPhase section */
		C83458E2209AEC46009F841D /* Sources */ = {
			isa = PBXSourcesBuildPhase;
			buildActionMask = 2147483647;
			files = (
				AC1EE320209C3B820034C1CA /* RSConnection.swift in Sources */,
				AC642226209B2CD9003A95DC /* RestaurantMenuItemsViewController.swift in Sources */,
				AC64222C209B2FAB003A95DC /* RestaurantMenuItem.swift in Sources */,
				E6C24EDA209C3C31003AA1AB /* RestaurantCommunicator.swift in Sources */,
				C8610C04209AF2E500FC506C /* RestaurantViewCell.swift in Sources */,
				AC64222A209B2F2D003A95DC /* RestaurantMenuItemsViewModel.swift in Sources */,
				C83458EC209AEC46009F841D /* RestaurantListViewController.swift in Sources */,
				C8610C00209AF0A000FC506C /* RestaurantListViewModel.swift in Sources */,
				AC642228209B2E72003A95DC /* RestaurantMenuItemTableViewCell.swift in Sources */,
				C83458EA209AEC46009F841D /* AppDelegate.swift in Sources */,
				C8610BFE209AF03800FC506C /* Restaurant.swift in Sources */,
				E6AAB038209C3F1A000CE28E /* Data+Json.swift in Sources */,
			);
			runOnlyForDeploymentPostprocessing = 0;
		};
/* End PBXSourcesBuildPhase section */

/* Begin PBXVariantGroup section */
		C83458ED209AEC46009F841D /* Main.storyboard */ = {
			isa = PBXVariantGroup;
			children = (
				C83458EE209AEC46009F841D /* Base */,
			);
			name = Main.storyboard;
			sourceTree = "<group>";
		};
		C83458F2209AEC47009F841D /* LaunchScreen.storyboard */ = {
			isa = PBXVariantGroup;
			children = (
				C83458F3209AEC47009F841D /* Base */,
			);
			name = LaunchScreen.storyboard;
			sourceTree = "<group>";
		};
		C8610C07209AF8D300FC506C /* Localizable.strings */ = {
			isa = PBXVariantGroup;
			children = (
				C8610C08209AF8D300FC506C /* Base */,
			);
			name = Localizable.strings;
			sourceTree = "<group>";
		};
/* End PBXVariantGroup section */

/* Begin XCBuildConfiguration section */
		C83458F6209AEC47009F841D /* Debug */ = {
			isa = XCBuildConfiguration;
			buildSettings = {
				ALWAYS_SEARCH_USER_PATHS = NO;
				CLANG_ANALYZER_NONNULL = YES;
				CLANG_ANALYZER_NUMBER_OBJECT_CONVERSION = YES_AGGRESSIVE;
				CLANG_CXX_LANGUAGE_STANDARD = "gnu++14";
				CLANG_CXX_LIBRARY = "libc++";
				CLANG_ENABLE_MODULES = YES;
				CLANG_ENABLE_OBJC_ARC = YES;
				CLANG_ENABLE_OBJC_WEAK = YES;
				CLANG_WARN_BLOCK_CAPTURE_AUTORELEASING = YES;
				CLANG_WARN_BOOL_CONVERSION = YES;
				CLANG_WARN_COMMA = YES;
				CLANG_WARN_CONSTANT_CONVERSION = YES;
				CLANG_WARN_DEPRECATED_OBJC_IMPLEMENTATIONS = YES;
				CLANG_WARN_DIRECT_OBJC_ISA_USAGE = YES_ERROR;
				CLANG_WARN_DOCUMENTATION_COMMENTS = YES;
				CLANG_WARN_EMPTY_BODY = YES;
				CLANG_WARN_ENUM_CONVERSION = YES;
				CLANG_WARN_INFINITE_RECURSION = YES;
				CLANG_WARN_INT_CONVERSION = YES;
				CLANG_WARN_NON_LITERAL_NULL_CONVERSION = YES;
				CLANG_WARN_OBJC_IMPLICIT_RETAIN_SELF = YES;
				CLANG_WARN_OBJC_LITERAL_CONVERSION = YES;
				CLANG_WARN_OBJC_ROOT_CLASS = YES_ERROR;
				CLANG_WARN_RANGE_LOOP_ANALYSIS = YES;
				CLANG_WARN_STRICT_PROTOTYPES = YES;
				CLANG_WARN_SUSPICIOUS_MOVE = YES;
				CLANG_WARN_UNGUARDED_AVAILABILITY = YES_AGGRESSIVE;
				CLANG_WARN_UNREACHABLE_CODE = YES;
				CLANG_WARN__DUPLICATE_METHOD_MATCH = YES;
				CODE_SIGN_IDENTITY = "iPhone Developer";
				COPY_PHASE_STRIP = NO;
				DEBUG_INFORMATION_FORMAT = dwarf;
				ENABLE_STRICT_OBJC_MSGSEND = YES;
				ENABLE_TESTABILITY = YES;
				GCC_C_LANGUAGE_STANDARD = gnu11;
				GCC_DYNAMIC_NO_PIC = NO;
				GCC_NO_COMMON_BLOCKS = YES;
				GCC_OPTIMIZATION_LEVEL = 0;
				GCC_PREPROCESSOR_DEFINITIONS = (
					"DEBUG=1",
					"$(inherited)",
				);
				GCC_WARN_64_TO_32_BIT_CONVERSION = YES;
				GCC_WARN_ABOUT_RETURN_TYPE = YES_ERROR;
				GCC_WARN_UNDECLARED_SELECTOR = YES;
				GCC_WARN_UNINITIALIZED_AUTOS = YES_AGGRESSIVE;
				GCC_WARN_UNUSED_FUNCTION = YES;
				GCC_WARN_UNUSED_VARIABLE = YES;
				IPHONEOS_DEPLOYMENT_TARGET = 11.3;
				MTL_ENABLE_DEBUG_INFO = YES;
				ONLY_ACTIVE_ARCH = YES;
				SDKROOT = iphoneos;
				SWIFT_ACTIVE_COMPILATION_CONDITIONS = DEBUG;
				SWIFT_OPTIMIZATION_LEVEL = "-Onone";
			};
			name = Debug;
		};
		C83458F7209AEC47009F841D /* Release */ = {
			isa = XCBuildConfiguration;
			buildSettings = {
				ALWAYS_SEARCH_USER_PATHS = NO;
				CLANG_ANALYZER_NONNULL = YES;
				CLANG_ANALYZER_NUMBER_OBJECT_CONVERSION = YES_AGGRESSIVE;
				CLANG_CXX_LANGUAGE_STANDARD = "gnu++14";
				CLANG_CXX_LIBRARY = "libc++";
				CLANG_ENABLE_MODULES = YES;
				CLANG_ENABLE_OBJC_ARC = YES;
				CLANG_ENABLE_OBJC_WEAK = YES;
				CLANG_WARN_BLOCK_CAPTURE_AUTORELEASING = YES;
				CLANG_WARN_BOOL_CONVERSION = YES;
				CLANG_WARN_COMMA = YES;
				CLANG_WARN_CONSTANT_CONVERSION = YES;
				CLANG_WARN_DEPRECATED_OBJC_IMPLEMENTATIONS = YES;
				CLANG_WARN_DIRECT_OBJC_ISA_USAGE = YES_ERROR;
				CLANG_WARN_DOCUMENTATION_COMMENTS = YES;
				CLANG_WARN_EMPTY_BODY = YES;
				CLANG_WARN_ENUM_CONVERSION = YES;
				CLANG_WARN_INFINITE_RECURSION = YES;
				CLANG_WARN_INT_CONVERSION = YES;
				CLANG_WARN_NON_LITERAL_NULL_CONVERSION = YES;
				CLANG_WARN_OBJC_IMPLICIT_RETAIN_SELF = YES;
				CLANG_WARN_OBJC_LITERAL_CONVERSION = YES;
				CLANG_WARN_OBJC_ROOT_CLASS = YES_ERROR;
				CLANG_WARN_RANGE_LOOP_ANALYSIS = YES;
				CLANG_WARN_STRICT_PROTOTYPES = YES;
				CLANG_WARN_SUSPICIOUS_MOVE = YES;
				CLANG_WARN_UNGUARDED_AVAILABILITY = YES_AGGRESSIVE;
				CLANG_WARN_UNREACHABLE_CODE = YES;
				CLANG_WARN__DUPLICATE_METHOD_MATCH = YES;
				CODE_SIGN_IDENTITY = "iPhone Developer";
				COPY_PHASE_STRIP = NO;
				DEBUG_INFORMATION_FORMAT = "dwarf-with-dsym";
				ENABLE_NS_ASSERTIONS = NO;
				ENABLE_STRICT_OBJC_MSGSEND = YES;
				GCC_C_LANGUAGE_STANDARD = gnu11;
				GCC_NO_COMMON_BLOCKS = YES;
				GCC_WARN_64_TO_32_BIT_CONVERSION = YES;
				GCC_WARN_ABOUT_RETURN_TYPE = YES_ERROR;
				GCC_WARN_UNDECLARED_SELECTOR = YES;
				GCC_WARN_UNINITIALIZED_AUTOS = YES_AGGRESSIVE;
				GCC_WARN_UNUSED_FUNCTION = YES;
				GCC_WARN_UNUSED_VARIABLE = YES;
				IPHONEOS_DEPLOYMENT_TARGET = 11.3;
				MTL_ENABLE_DEBUG_INFO = NO;
				SDKROOT = iphoneos;
				SWIFT_OPTIMIZATION_LEVEL = "-Owholemodule";
				VALIDATE_PRODUCT = YES;
			};
			name = Release;
		};
		C83458F9209AEC47009F841D /* Debug */ = {
			isa = XCBuildConfiguration;
			buildSettings = {
				ASSETCATALOG_COMPILER_APPICON_NAME = AppIcon;
				CODE_SIGN_STYLE = Automatic;
				INFOPLIST_FILE = Twiggy/Info.plist;
				IPHONEOS_DEPLOYMENT_TARGET = 10.0;
				LD_RUNPATH_SEARCH_PATHS = "$(inherited) @executable_path/Frameworks";
				PRODUCT_BUNDLE_IDENTIFIER = Test.Twiggy;
				PRODUCT_NAME = "$(TARGET_NAME)";
				SWIFT_VERSION = 4.0;
				TARGETED_DEVICE_FAMILY = "1,2";
			};
			name = Debug;
		};
		C83458FA209AEC47009F841D /* Release */ = {
			isa = XCBuildConfiguration;
			buildSettings = {
				ASSETCATALOG_COMPILER_APPICON_NAME = AppIcon;
				CODE_SIGN_STYLE = Automatic;
				INFOPLIST_FILE = Twiggy/Info.plist;
				IPHONEOS_DEPLOYMENT_TARGET = 10.0;
				LD_RUNPATH_SEARCH_PATHS = "$(inherited) @executable_path/Frameworks";
				PRODUCT_BUNDLE_IDENTIFIER = Test.Twiggy;
				PRODUCT_NAME = "$(TARGET_NAME)";
				SWIFT_VERSION = 4.0;
				TARGETED_DEVICE_FAMILY = "1,2";
			};
			name = Release;
		};
/* End XCBuildConfiguration section */

/* Begin XCConfigurationList section */
		C83458E1209AEC46009F841D /* Build configuration list for PBXProject "Twiggy" */ = {
			isa = XCConfigurationList;
			buildConfigurations = (
				C83458F6209AEC47009F841D /* Debug */,
				C83458F7209AEC47009F841D /* Release */,
			);
			defaultConfigurationIsVisible = 0;
			defaultConfigurationName = Release;
		};
		C83458F8209AEC47009F841D /* Build configuration list for PBXNativeTarget "Twiggy" */ = {
			isa = XCConfigurationList;
			buildConfigurations = (
				C83458F9209AEC47009F841D /* Debug */,
				C83458FA209AEC47009F841D /* Release */,
			);
			defaultConfigurationIsVisible = 0;
			defaultConfigurationName = Release;
		};
/* End XCConfigurationList section */
	};
	rootObject = C83458DE209AEC46009F841D /* Project object */;
}
